
Microsoft Visual Studio Solution File, Format Version 12.00
# Visual Studio Version 17
VisualStudioVersion = 17.4.33213.308
MinimumVisualStudioVersion = 10.0.40219.1
Project("{FAE04EC0-301F-11D3-BF4B-00C04F79EFBC}") = "MagicCube", "MagicCube\MagicCube.csproj", "{71E215D7-4022-40DC-990E-174D799688CE}"
EndProject
Global
	GlobalSection(SolutionConfigurationPlatforms) = preSolution
		Debug|Any CPU = Debug|Any CPU
		Release|Any CPU = Release|Any CPU
	EndGlobalSection
	GlobalSection(ProjectConfigurationPlatforms) = postSolution
		{71E215D7-4022-40DC-990E-174D799688CE}.Debug|Any CPU.ActiveCfg = Debug|Any CPU
		{71E215D7-4022-40DC-990E-174D799688CE}.Debug|Any CPU.Build.0 = Debug|Any CPU
		{71E215D7-4022-40DC-990E-174D799688CE}.Release|Any CPU.ActiveCfg = Release|Any CPU
		{71E215D7-4022-40DC-990E-174D799688CE}.Release|Any CPU.Build.0 = Release|Any CPU
	EndGlobalSection
	GlobalSection(SolutionProperties) = preSolution
		HideSolutionNode = FALSE
	EndGlobalSection
	GlobalSection(ExtensibilityGlobals) = postSolution
		SolutionGuid = {D6B7F9D9-0DDF-4C9A-9492-ADEF972DD752}
	EndGlobalSection
EndGlobal
